<?xml version="1.0" encoding="UTF-8" standalone="yes" ?>
<CodeBlocks_project_file>
	<FileVersion major="1" minor="6" />
	<Project>
		<Option title="3D_projekt" />
		<Option pch_mode="2" />
		<Option compiler="gcc" />
		<Build>
			<Target title="Debug">
				<Option output="../3D_projekt" prefix_auto="1" extension_auto="1" />
				<Option object_output="obj/Debug/" />
				<Option type="1" />
				<Option compiler="gcc" />
				<Option parameters='-config &quot;..\data\sgct_config\single.xml&quot;' />
				<Compiler>
					<Add option="-g" />
					<Add directory="sgct_1_0_0/include" />
				</Compiler>
				<Linker>
					<Add library="sgct32" />
					<Add library="opengl32" />
					<Add library="glu32" />
					<Add library="ws2_32" />
					<Add directory="sgct_1_0_0/lib/mingw" />
				</Linker>
			</Target>
			<Target title="Release">
				<Option output="bin/Release/3D_projekt" prefix_auto="1" extension_auto="1" />
				<Option object_output="obj/Release/" />
				<Option type="1" />
				<Option compiler="gcc" />
				<Compiler>
					<Add option="-O2" />
				</Compiler>
				<Linker>
					<Add option="-s" />
				</Linker>
			</Target>
		</Build>
		<Compiler>
			<Add option="-Wall" />
			<Add option="-fexceptions" />
		</Compiler>
		<Unit filename="../data/shaders/simple.frag" />
		<Unit filename="../data/shaders/simple.vert" />
		<Unit filename="../src/Camera.cpp" />
		<Unit filename="../src/Camera.h" />
		<Unit filename="../src/Controller.cpp" />
		<Unit filename="../src/Controller.h" />
		<Unit filename="../src/FollowCamera.cpp" />
		<Unit filename="../src/FollowCamera.h" />
		<Unit filename="../src/GameEngine.cpp" />
		<Unit filename="../src/GameEngine.h" />
		<Unit filename="../src/GameObject.cpp" />
		<Unit filename="../src/GameObject.h" />
		<Unit filename="../src/LightObject.cpp" />
		<Unit filename="../src/LightObject.h" />
		<Unit filename="../src/LightSource.cpp" />
		<Unit filename="../src/LightSource.h" />
		<Unit filename="../src/Model.cpp" />
		<Unit filename="../src/Model.h" />
		<Unit filename="../src/ModelMesh.cpp" />
		<Unit filename="../src/ModelMesh.h" />
		<Unit filename="../src/Node.cpp" />
		<Unit filename="../src/Node.h" />
		<Unit filename="../src/Player.cpp" />
		<Unit filename="../src/Player.h" />
		<Unit filename="../src/Scene.cpp" />
		<Unit filename="../src/Scene.h" />
		<Unit filename="../src/Transformation.cpp" />
		<Unit filename="../src/Transformation.h" />
		<Unit filename="../src/main.cpp" />
		<Extensions>
			<code_completion />
			<envvars />
			<debugger />
			<lib_finder disable_auto="1" />
		</Extensions>
	</Project>
</CodeBlocks_project_file>
